Microsoft Visual Studio Solution File, Format Version 12.00
# Visual Studio Version 17
VisualStudioVersion = 17.5.2.0
MinimumVisualStudioVersion = 10.0.40219.1
Project("{FAE04EC0-301F-11D3-BF4B-00C04F79EFBC}") = "Academy", "Academy.csproj", "{0FE7B3C3-8288-CB5D-231D-DC2A3B89D6F5}"
EndProject
Global
	GlobalSection(SolutionConfigurationPlatforms) = preSolution
		Debug|Any CPU = Debug|Any CPU
		Release|Any CPU = Release|Any CPU
	EndGlobalSection
	GlobalSection(ProjectConfigurationPlatforms) = postSolution
		{0FE7B3C3-8288-CB5D-231D-DC2A3B89D6F5}.Debug|Any CPU.ActiveCfg = Debug|Any CPU
		{0FE7B3C3-8288-CB5D-231D-DC2A3B89D6F5}.Debug|Any CPU.Build.0 = Debug|Any CPU
		{0FE7B3C3-8288-CB5D-231D-DC2A3B89D6F5}.Release|Any CPU.ActiveCfg = Release|Any CPU
		{0FE7B3C3-8288-CB5D-231D-DC2A3B89D6F5}.Release|Any CPU.Build.0 = Release|Any CPU
	EndGlobalSection
	GlobalSection(SolutionProperties) = preSolution
		HideSolutionNode = FALSE
	EndGlobalSection
	GlobalSection(ExtensibilityGlobals) = postSolution
		SolutionGuid = {8CA02ACB-F6FA-4525-9F04-780015561ED7}
	EndGlobalSection
EndGlobal
